
Microsoft Visual Studio Solution File, Format Version 12.00
# Visual Studio Version 17
VisualStudioVersion = 17.11.35222.181
MinimumVisualStudioVersion = 10.0.40219.1
Project("{2150E333-8FDC-42A3-9474-1A3956D46DE8}") = "Task0", "Task0", "{F086133E-30E8-462B-8402-7C92C6BE2195}"
EndProject
Project("{FAE04EC0-301F-11D3-BF4B-00C04F79EFBC}") = "Tyuiu.SyrtsovaSA.Sprint4.Task0.V22", "Tyuiu.SyrtsovaSA.Sprint4.Task0.V22\Tyuiu.SyrtsovaSA.Sprint4.Task0.V22.csproj", "{1AF8A63F-ED01-4066-B5DC-341315F58DCC}"
EndProject
Project("{FAE04EC0-301F-11D3-BF4B-00C04F79EFBC}") = "Tyuiu.SyrtsovaSA.Sprint4.Task0.V22.Lib", "Tyuiu.SyrtsovaSA.Sprint4.Task0.V22.Lib\Tyuiu.SyrtsovaSA.Sprint4.Task0.V22.Lib.csproj", "{8A9AFBD9-95FD-4A5F-BCF1-173BAC9193D8}"
EndProject
Project("{FAE04EC0-301F-11D3-BF4B-00C04F79EFBC}") = "Tyuiu.SyrtsovaSA.Sprint4.Task0.V22.Test", "Tyuiu.SyrtsovaSA.Sprint4.Task0.V22.Test\Tyuiu.SyrtsovaSA.Sprint4.Task0.V22.Test.csproj", "{CC373628-D60A-402B-B033-3BB3A7423514}"
EndProject
Project("{2150E333-8FDC-42A3-9474-1A3956D46DE8}") = "Task1", "Task1", "{F9AE163E-55F4-4027-8716-B81421D0D96C}"
EndProject
Project("{FAE04EC0-301F-11D3-BF4B-00C04F79EFBC}") = "Tyuiu.SyrtsovaSA.Sprint4.Task1.V23", "Tyuiu.SyrtsovaSA.Sprint4.Task1.V23\Tyuiu.SyrtsovaSA.Sprint4.Task1.V23.csproj", "{76D8E140-8D46-4BF2-9AA4-91217E6CDC9F}"
EndProject
Project("{FAE04EC0-301F-11D3-BF4B-00C04F79EFBC}") = "Tyuiu.SyrtsovaSA.Sprint4.Task1.V23.Lib", "Tyuiu.SyrtsovaSA.Sprint4.Task1.V23.Lib\Tyuiu.SyrtsovaSA.Sprint4.Task1.V23.Lib.csproj", "{EE4CF6F1-8C2B-4861-8DE9-87A3CF2F433A}"
EndProject
Project("{FAE04EC0-301F-11D3-BF4B-00C04F79EFBC}") = "Tyuiu.SyrtsovaSA.Sprint4.Task1.V23.Test", "Tyuiu.SyrtsovaSA.Sprint4.Task1.V23.Test\Tyuiu.SyrtsovaSA.Sprint4.Task1.V23.Test.csproj", "{85EF2146-CBD4-4F15-8B2F-AA008FE49856}"
EndProject
Project("{2150E333-8FDC-42A3-9474-1A3956D46DE8}") = "Task2", "Task2", "{65EADE86-7C54-42E5-9B65-5BC1A1CC5EC7}"
EndProject
Project("{FAE04EC0-301F-11D3-BF4B-00C04F79EFBC}") = "Tyuiu.SyrtsovaSA.Sprint4.Task2.V23", "Tyuiu.SyrtsovaSA.Sprint4.Task2.V23\Tyuiu.SyrtsovaSA.Sprint4.Task2.V23.csproj", "{7150BA6C-19A9-4D0B-B374-D3C3E3C1B1D7}"
EndProject
Project("{FAE04EC0-301F-11D3-BF4B-00C04F79EFBC}") = "Tyuiu.SyrtsovaSA.Sprint4.Task2.V23.Lib", "Tyuiu.SyrtsovaSA.Sprint4.Task2.V23.Lib\Tyuiu.SyrtsovaSA.Sprint4.Task2.V23.Lib.csproj", "{93424CC6-642C-478B-A033-77A6B0CBF8A6}"
EndProject
Project("{FAE04EC0-301F-11D3-BF4B-00C04F79EFBC}") = "Tyuiu.SyrtsovaSA.Sprint4.Task2.V23.Test", "Tyuiu.SyrtsovaSA.Sprint4.Task2.V23.Test\Tyuiu.SyrtsovaSA.Sprint4.Task2.V23.Test.csproj", "{7AC02F17-0622-4E90-B384-3A97BE0DE4A3}"
EndProject
Project("{2150E333-8FDC-42A3-9474-1A3956D46DE8}") = "Task3", "Task3", "{2E882BE3-E6B1-43BB-AB70-3CFA6372480E}"
EndProject
Project("{FAE04EC0-301F-11D3-BF4B-00C04F79EFBC}") = "Tyuiu.SyrtsovaSA.Sprint4.Task3.V8", "Tyuiu.SyrtsovaSA.Sprint4.Task3.V8\Tyuiu.SyrtsovaSA.Sprint4.Task3.V8.csproj", "{A773898B-2498-45F1-BFBF-2707302715B9}"
EndProject
Project("{FAE04EC0-301F-11D3-BF4B-00C04F79EFBC}") = "Tyuiu.SyrtsovaSA.Sprint4.Task3.V8.Lib", "Tyuiu.SyrtsovaSA.Sprint4.Task3.V8.Lib\Tyuiu.SyrtsovaSA.Sprint4.Task3.V8.Lib.csproj", "{503C26D9-16B0-46C7-A20A-59DE7861A0C6}"
EndProject
Project("{FAE04EC0-301F-11D3-BF4B-00C04F79EFBC}") = "Tyuiu.SyrtsovaSA.Sprint4.Task3.V8.Test", "Tyuiu.SyrtsovaSA.Sprint4.Task3.V8.Test\Tyuiu.SyrtsovaSA.Sprint4.Task3.V8.Test.csproj", "{86216F53-26CD-471B-8EE8-C9ED9EAF8BDE}"
EndProject
Global
	GlobalSection(SolutionProperties) = preSolution
		HideSolutionNode = FALSE
	EndGlobalSection
	GlobalSection(ExtensibilityGlobals) = postSolution
		SolutionGuid = {0D61F5A7-4E42-4184-A3C0-4269021A2A37}
	EndGlobalSection
	GlobalSection(SolutionConfigurationPlatforms) = preSolution
		Debug|Any CPU = Debug|Any CPU
		Debug|x64 = Debug|x64
		Debug|x86 = Debug|x86
		Release|Any CPU = Release|Any CPU
		Release|x64 = Release|x64
		Release|x86 = Release|x86
	EndGlobalSection
	GlobalSection(ProjectConfigurationPlatforms) = postSolution
		{1AF8A63F-ED01-4066-B5DC-341315F58DCC}.Debug|Any CPU.ActiveCfg = Debug|Any CPU
		{1AF8A63F-ED01-4066-B5DC-341315F58DCC}.Debug|Any CPU.Build.0 = Debug|Any CPU
		{1AF8A63F-ED01-4066-B5DC-341315F58DCC}.Debug|x64.ActiveCfg = Debug|Any CPU
		{1AF8A63F-ED01-4066-B5DC-341315F58DCC}.Debug|x64.Build.0 = Debug|Any CPU
		{1AF8A63F-ED01-4066-B5DC-341315F58DCC}.Debug|x86.ActiveCfg = Debug|Any CPU
		{1AF8A63F-ED01-4066-B5DC-341315F58DCC}.Debug|x86.Build.0 = Debug|Any CPU
		{1AF8A63F-ED01-4066-B5DC-341315F58DCC}.Release|Any CPU.ActiveCfg = Release|Any CPU
		{1AF8A63F-ED01-4066-B5DC-341315F58DCC}.Release|Any CPU.Build.0 = Release|Any CPU
		{1AF8A63F-ED01-4066-B5DC-341315F58DCC}.Release|x64.ActiveCfg = Release|Any CPU
		{1AF8A63F-ED01-4066-B5DC-341315F58DCC}.Release|x64.Build.0 = Release|Any CPU
		{1AF8A63F-ED01-4066-B5DC-341315F58DCC}.Release|x86.ActiveCfg = Release|Any CPU
		{1AF8A63F-ED01-4066-B5DC-341315F58DCC}.Release|x86.Build.0 = Release|Any CPU
		{8A9AFBD9-95FD-4A5F-BCF1-173BAC9193D8}.Debug|Any CPU.ActiveCfg = Debug|Any CPU
		{8A9AFBD9-95FD-4A5F-BCF1-173BAC9193D8}.Debug|Any CPU.Build.0 = Debug|Any CPU
		{8A9AFBD9-95FD-4A5F-BCF1-173BAC9193D8}.Debug|x64.ActiveCfg = Debug|Any CPU
		{8A9AFBD9-95FD-4A5F-BCF1-173BAC9193D8}.Debug|x64.Build.0 = Debug|Any CPU
		{8A9AFBD9-95FD-4A5F-BCF1-173BAC9193D8}.Debug|x86.ActiveCfg = Debug|Any CPU
		{8A9AFBD9-95FD-4A5F-BCF1-173BAC9193D8}.Debug|x86.Build.0 = Debug|Any CPU
		{8A9AFBD9-95FD-4A5F-BCF1-173BAC9193D8}.Release|Any CPU.ActiveCfg = Release|Any CPU
		{8A9AFBD9-95FD-4A5F-BCF1-173BAC9193D8}.Release|Any CPU.Build.0 = Release|Any CPU
		{8A9AFBD9-95FD-4A5F-BCF1-173BAC9193D8}.Release|x64.ActiveCfg = Release|Any CPU
		{8A9AFBD9-95FD-4A5F-BCF1-173BAC9193D8}.Release|x64.Build.0 = Release|Any CPU
		{8A9AFBD9-95FD-4A5F-BCF1-173BAC9193D8}.Release|x86.ActiveCfg = Release|Any CPU
		{8A9AFBD9-95FD-4A5F-BCF1-173BAC9193D8}.Release|x86.Build.0 = Release|Any CPU
		{CC373628-D60A-402B-B033-3BB3A7423514}.Debug|Any CPU.ActiveCfg = Debug|Any CPU
		{CC373628-D60A-402B-B033-3BB3A7423514}.Debug|Any CPU.Build.0 = Debug|Any CPU
		{CC373628-D60A-402B-B033-3BB3A7423514}.Debug|x64.ActiveCfg = Debug|Any CPU
		{CC373628-D60A-402B-B033-3BB3A7423514}.Debug|x64.Build.0 = Debug|Any CPU
		{CC373628-D60A-402B-B033-3BB3A7423514}.Debug|x86.ActiveCfg = Debug|Any CPU
		{CC373628-D60A-402B-B033-3BB3A7423514}.Debug|x86.Build.0 = Debug|Any CPU
		{CC373628-D60A-402B-B033-3BB3A7423514}.Release|Any CPU.ActiveCfg = Release|Any CPU
		{CC373628-D60A-402B-B033-3BB3A7423514}.Release|Any CPU.Build.0 = Release|Any CPU
		{CC373628-D60A-402B-B033-3BB3A7423514}.Release|x64.ActiveCfg = Release|Any CPU
		{CC373628-D60A-402B-B033-3BB3A7423514}.Release|x64.Build.0 = Release|Any CPU
		{CC373628-D60A-402B-B033-3BB3A7423514}.Release|x86.ActiveCfg = Release|Any CPU
		{CC373628-D60A-402B-B033-3BB3A7423514}.Release|x86.Build.0 = Release|Any CPU
		{76D8E140-8D46-4BF2-9AA4-91217E6CDC9F}.Debug|Any CPU.ActiveCfg = Debug|Any CPU
		{76D8E140-8D46-4BF2-9AA4-91217E6CDC9F}.Debug|Any CPU.Build.0 = Debug|Any CPU
		{76D8E140-8D46-4BF2-9AA4-91217E6CDC9F}.Debug|x64.ActiveCfg = Debug|Any CPU
		{76D8E140-8D46-4BF2-9AA4-91217E6CDC9F}.Debug|x64.Build.0 = Debug|Any CPU
		{76D8E140-8D46-4BF2-9AA4-91217E6CDC9F}.Debug|x86.ActiveCfg = Debug|Any CPU
		{76D8E140-8D46-4BF2-9AA4-91217E6CDC9F}.Debug|x86.Build.0 = Debug|Any CPU
		{76D8E140-8D46-4BF2-9AA4-91217E6CDC9F}.Release|Any CPU.ActiveCfg = Release|Any CPU
		{76D8E140-8D46-4BF2-9AA4-91217E6CDC9F}.Release|Any CPU.Build.0 = Release|Any CPU
		{76D8E140-8D46-4BF2-9AA4-91217E6CDC9F}.Release|x64.ActiveCfg = Release|Any CPU
		{76D8E140-8D46-4BF2-9AA4-91217E6CDC9F}.Release|x64.Build.0 = Release|Any CPU
		{76D8E140-8D46-4BF2-9AA4-91217E6CDC9F}.Release|x86.ActiveCfg = Release|Any CPU
		{76D8E140-8D46-4BF2-9AA4-91217E6CDC9F}.Release|x86.Build.0 = Release|Any CPU
		{EE4CF6F1-8C2B-4861-8DE9-87A3CF2F433A}.Debug|Any CPU.ActiveCfg = Debug|Any CPU
		{EE4CF6F1-8C2B-4861-8DE9-87A3CF2F433A}.Debug|Any CPU.Build.0 = Debug|Any CPU
		{EE4CF6F1-8C2B-4861-8DE9-87A3CF2F433A}.Debug|x64.ActiveCfg = Debug|Any CPU
		{EE4CF6F1-8C2B-4861-8DE9-87A3CF2F433A}.Debug|x64.Build.0 = Debug|Any CPU
		{EE4CF6F1-8C2B-4861-8DE9-87A3CF2F433A}.Debug|x86.ActiveCfg = Debug|Any CPU
		{EE4CF6F1-8C2B-4861-8DE9-87A3CF2F433A}.Debug|x86.Build.0 = Debug|Any CPU
		{EE4CF6F1-8C2B-4861-8DE9-87A3CF2F433A}.Release|Any CPU.ActiveCfg = Release|Any CPU
		{EE4CF6F1-8C2B-4861-8DE9-87A3CF2F433A}.Release|Any CPU.Build.0 = Release|Any CPU
		{EE4CF6F1-8C2B-4861-8DE9-87A3CF2F433A}.Release|x64.ActiveCfg = Release|Any CPU
		{EE4CF6F1-8C2B-4861-8DE9-87A3CF2F433A}.Release|x64.Build.0 = Release|Any CPU
		{EE4CF6F1-8C2B-4861-8DE9-87A3CF2F433A}.Release|x86.ActiveCfg = Release|Any CPU
		{EE4CF6F1-8C2B-4861-8DE9-87A3CF2F433A}.Release|x86.Build.0 = Release|Any CPU
		{85EF2146-CBD4-4F15-8B2F-AA008FE49856}.Debug|Any CPU.ActiveCfg = Debug|Any CPU
		{85EF2146-CBD4-4F15-8B2F-AA008FE49856}.Debug|Any CPU.Build.0 = Debug|Any CPU
		{85EF2146-CBD4-4F15-8B2F-AA008FE49856}.Debug|x64.ActiveCfg = Debug|Any CPU
		{85EF2146-CBD4-4F15-8B2F-AA008FE49856}.Debug|x64.Build.0 = Debug|Any CPU
		{85EF2146-CBD4-4F15-8B2F-AA008FE49856}.Debug|x86.ActiveCfg = Debug|Any CPU
		{85EF2146-CBD4-4F15-8B2F-AA008FE49856}.Debug|x86.Build.0 = Debug|Any CPU
		{85EF2146-CBD4-4F15-8B2F-AA008FE49856}.Release|Any CPU.ActiveCfg = Release|Any CPU
		{85EF2146-CBD4-4F15-8B2F-AA008FE49856}.Release|Any CPU.Build.0 = Release|Any CPU
		{85EF2146-CBD4-4F15-8B2F-AA008FE49856}.Release|x64.ActiveCfg = Release|Any CPU
		{85EF2146-CBD4-4F15-8B2F-AA008FE49856}.Release|x64.Build.0 = Release|Any CPU
		{85EF2146-CBD4-4F15-8B2F-AA008FE49856}.Release|x86.ActiveCfg = Release|Any CPU
		{85EF2146-CBD4-4F15-8B2F-AA008FE49856}.Release|x86.Build.0 = Release|Any CPU
		{7150BA6C-19A9-4D0B-B374-D3C3E3C1B1D7}.Debug|Any CPU.ActiveCfg = Debug|Any CPU
		{7150BA6C-19A9-4D0B-B374-D3C3E3C1B1D7}.Debug|Any CPU.Build.0 = Debug|Any CPU
		{7150BA6C-19A9-4D0B-B374-D3C3E3C1B1D7}.Debug|x64.ActiveCfg = Debug|Any CPU
		{7150BA6C-19A9-4D0B-B374-D3C3E3C1B1D7}.Debug|x64.Build.0 = Debug|Any CPU
		{7150BA6C-19A9-4D0B-B374-D3C3E3C1B1D7}.Debug|x86.ActiveCfg = Debug|Any CPU
		{7150BA6C-19A9-4D0B-B374-D3C3E3C1B1D7}.Debug|x86.Build.0 = Debug|Any CPU
		{7150BA6C-19A9-4D0B-B374-D3C3E3C1B1D7}.Release|Any CPU.ActiveCfg = Release|Any CPU
		{7150BA6C-19A9-4D0B-B374-D3C3E3C1B1D7}.Release|Any CPU.Build.0 = Release|Any CPU
		{7150BA6C-19A9-4D0B-B374-D3C3E3C1B1D7}.Release|x64.ActiveCfg = Release|Any CPU
		{7150BA6C-19A9-4D0B-B374-D3C3E3C1B1D7}.Release|x64.Build.0 = Release|Any CPU
		{7150BA6C-19A9-4D0B-B374-D3C3E3C1B1D7}.Release|x86.ActiveCfg = Release|Any CPU
		{7150BA6C-19A9-4D0B-B374-D3C3E3C1B1D7}.Release|x86.Build.0 = Release|Any CPU
		{93424CC6-642C-478B-A033-77A6B0CBF8A6}.Debug|Any CPU.ActiveCfg = Debug|Any CPU
		{93424CC6-642C-478B-A033-77A6B0CBF8A6}.Debug|Any CPU.Build.0 = Debug|Any CPU
		{93424CC6-642C-478B-A033-77A6B0CBF8A6}.Debug|x64.ActiveCfg = Debug|Any CPU
		{93424CC6-642C-478B-A033-77A6B0CBF8A6}.Debug|x64.Build.0 = Debug|Any CPU
		{93424CC6-642C-478B-A033-77A6B0CBF8A6}.Debug|x86.ActiveCfg = Debug|Any CPU
		{93424CC6-642C-478B-A033-77A6B0CBF8A6}.Debug|x86.Build.0 = Debug|Any CPU
		{93424CC6-642C-478B-A033-77A6B0CBF8A6}.Release|Any CPU.ActiveCfg = Release|Any CPU
		{93424CC6-642C-478B-A033-77A6B0CBF8A6}.Release|Any CPU.Build.0 = Release|Any CPU
		{93424CC6-642C-478B-A033-77A6B0CBF8A6}.Release|x64.ActiveCfg = Release|Any CPU
		{93424CC6-642C-478B-A033-77A6B0CBF8A6}.Release|x64.Build.0 = Release|Any CPU
		{93424CC6-642C-478B-A033-77A6B0CBF8A6}.Release|x86.ActiveCfg = Release|Any CPU
		{93424CC6-642C-478B-A033-77A6B0CBF8A6}.Release|x86.Build.0 = Release|Any CPU
		{7AC02F17-0622-4E90-B384-3A97BE0DE4A3}.Debug|Any CPU.ActiveCfg = Debug|Any CPU
		{7AC02F17-0622-4E90-B384-3A97BE0DE4A3}.Debug|Any CPU.Build.0 = Debug|Any CPU
		{7AC02F17-0622-4E90-B384-3A97BE0DE4A3}.Debug|x64.ActiveCfg = Debug|Any CPU
		{7AC02F17-0622-4E90-B384-3A97BE0DE4A3}.Debug|x64.Build.0 = Debug|Any CPU
		{7AC02F17-0622-4E90-B384-3A97BE0DE4A3}.Debug|x86.ActiveCfg = Debug|Any CPU
		{7AC02F17-0622-4E90-B384-3A97BE0DE4A3}.Debug|x86.Build.0 = Debug|Any CPU
		{7AC02F17-0622-4E90-B384-3A97BE0DE4A3}.Release|Any CPU.ActiveCfg = Release|Any CPU
		{7AC02F17-0622-4E90-B384-3A97BE0DE4A3}.Release|Any CPU.Build.0 = Release|Any CPU
		{7AC02F17-0622-4E90-B384-3A97BE0DE4A3}.Release|x64.ActiveCfg = Release|Any CPU
		{7AC02F17-0622-4E90-B384-3A97BE0DE4A3}.Release|x64.Build.0 = Release|Any CPU
		{7AC02F17-0622-4E90-B384-3A97BE0DE4A3}.Release|x86.ActiveCfg = Release|Any CPU
		{7AC02F17-0622-4E90-B384-3A97BE0DE4A3}.Release|x86.Build.0 = Release|Any CPU
		{A773898B-2498-45F1-BFBF-2707302715B9}.Debug|Any CPU.ActiveCfg = Debug|Any CPU
		{A773898B-2498-45F1-BFBF-2707302715B9}.Debug|Any CPU.Build.0 = Debug|Any CPU
		{A773898B-2498-45F1-BFBF-2707302715B9}.Debug|x64.ActiveCfg = Debug|Any CPU
		{A773898B-2498-45F1-BFBF-2707302715B9}.Debug|x64.Build.0 = Debug|Any CPU
		{A773898B-2498-45F1-BFBF-2707302715B9}.Debug|x86.ActiveCfg = Debug|Any CPU
		{A773898B-2498-45F1-BFBF-2707302715B9}.Debug|x86.Build.0 = Debug|Any CPU
		{A773898B-2498-45F1-BFBF-2707302715B9}.Release|Any CPU.ActiveCfg = Release|Any CPU
		{A773898B-2498-45F1-BFBF-2707302715B9}.Release|Any CPU.Build.0 = Release|Any CPU
		{A773898B-2498-45F1-BFBF-2707302715B9}.Release|x64.ActiveCfg = Release|Any CPU
		{A773898B-2498-45F1-BFBF-2707302715B9}.Release|x64.Build.0 = Release|Any CPU
		{A773898B-2498-45F1-BFBF-2707302715B9}.Release|x86.ActiveCfg = Release|Any CPU
		{A773898B-2498-45F1-BFBF-2707302715B9}.Release|x86.Build.0 = Release|Any CPU
		{503C26D9-16B0-46C7-A20A-59DE7861A0C6}.Debug|Any CPU.ActiveCfg = Debug|Any CPU
		{503C26D9-16B0-46C7-A20A-59DE7861A0C6}.Debug|Any CPU.Build.0 = Debug|Any CPU
		{503C26D9-16B0-46C7-A20A-59DE7861A0C6}.Debug|x64.ActiveCfg = Debug|Any CPU
		{503C26D9-16B0-46C7-A20A-59DE7861A0C6}.Debug|x64.Build.0 = Debug|Any CPU
		{503C26D9-16B0-46C7-A20A-59DE7861A0C6}.Debug|x86.ActiveCfg = Debug|Any CPU
		{503C26D9-16B0-46C7-A20A-59DE7861A0C6}.Debug|x86.Build.0 = Debug|Any CPU
		{503C26D9-16B0-46C7-A20A-59DE7861A0C6}.Release|Any CPU.ActiveCfg = Release|Any CPU
		{503C26D9-16B0-46C7-A20A-59DE7861A0C6}.Release|Any CPU.Build.0 = Release|Any CPU
		{503C26D9-16B0-46C7-A20A-59DE7861A0C6}.Release|x64.ActiveCfg = Release|Any CPU
		{503C26D9-16B0-46C7-A20A-59DE7861A0C6}.Release|x64.Build.0 = Release|Any CPU
		{503C26D9-16B0-46C7-A20A-59DE7861A0C6}.Release|x86.ActiveCfg = Release|Any CPU
		{503C26D9-16B0-46C7-A20A-59DE7861A0C6}.Release|x86.Build.0 = Release|Any CPU
		{86216F53-26CD-471B-8EE8-C9ED9EAF8BDE}.Debug|Any CPU.ActiveCfg = Debug|Any CPU
		{86216F53-26CD-471B-8EE8-C9ED9EAF8BDE}.Debug|Any CPU.Build.0 = Debug|Any CPU
		{86216F53-26CD-471B-8EE8-C9ED9EAF8BDE}.Debug|x64.ActiveCfg = Debug|Any CPU
		{86216F53-26CD-471B-8EE8-C9ED9EAF8BDE}.Debug|x64.Build.0 = Debug|Any CPU
		{86216F53-26CD-471B-8EE8-C9ED9EAF8BDE}.Debug|x86.ActiveCfg = Debug|Any CPU
		{86216F53-26CD-471B-8EE8-C9ED9EAF8BDE}.Debug|x86.Build.0 = Debug|Any CPU
		{86216F53-26CD-471B-8EE8-C9ED9EAF8BDE}.Release|Any CPU.ActiveCfg = Release|Any CPU
		{86216F53-26CD-471B-8EE8-C9ED9EAF8BDE}.Release|Any CPU.Build.0 = Release|Any CPU
		{86216F53-26CD-471B-8EE8-C9ED9EAF8BDE}.Release|x64.ActiveCfg = Release|Any CPU
		{86216F53-26CD-471B-8EE8-C9ED9EAF8BDE}.Release|x64.Build.0 = Release|Any CPU
		{86216F53-26CD-471B-8EE8-C9ED9EAF8BDE}.Release|x86.ActiveCfg = Release|Any CPU
		{86216F53-26CD-471B-8EE8-C9ED9EAF8BDE}.Release|x86.Build.0 = Release|Any CPU
	EndGlobalSection
	GlobalSection(NestedProjects) = preSolution
		{1AF8A63F-ED01-4066-B5DC-341315F58DCC} = {F086133E-30E8-462B-8402-7C92C6BE2195}
		{8A9AFBD9-95FD-4A5F-BCF1-173BAC9193D8} = {F086133E-30E8-462B-8402-7C92C6BE2195}
		{CC373628-D60A-402B-B033-3BB3A7423514} = {F086133E-30E8-462B-8402-7C92C6BE2195}
		{76D8E140-8D46-4BF2-9AA4-91217E6CDC9F} = {F9AE163E-55F4-4027-8716-B81421D0D96C}
		{EE4CF6F1-8C2B-4861-8DE9-87A3CF2F433A} = {F9AE163E-55F4-4027-8716-B81421D0D96C}
		{85EF2146-CBD4-4F15-8B2F-AA008FE49856} = {F9AE163E-55F4-4027-8716-B81421D0D96C}
		{7150BA6C-19A9-4D0B-B374-D3C3E3C1B1D7} = {65EADE86-7C54-42E5-9B65-5BC1A1CC5EC7}
		{93424CC6-642C-478B-A033-77A6B0CBF8A6} = {65EADE86-7C54-42E5-9B65-5BC1A1CC5EC7}
		{7AC02F17-0622-4E90-B384-3A97BE0DE4A3} = {65EADE86-7C54-42E5-9B65-5BC1A1CC5EC7}
		{A773898B-2498-45F1-BFBF-2707302715B9} = {2E882BE3-E6B1-43BB-AB70-3CFA6372480E}
		{503C26D9-16B0-46C7-A20A-59DE7861A0C6} = {2E882BE3-E6B1-43BB-AB70-3CFA6372480E}
		{86216F53-26CD-471B-8EE8-C9ED9EAF8BDE} = {2E882BE3-E6B1-43BB-AB70-3CFA6372480E}
	EndGlobalSection
EndGlobal
