
Microsoft Visual Studio Solution File, Format Version 12.00
# Visual Studio Version 17
VisualStudioVersion = 17.11.35222.181
MinimumVisualStudioVersion = 10.0.40219.1
Project("{2150E333-8FDC-42A3-9474-1A3956D46DE8}") = "Task0", "Task0", "{F086133E-30E8-462B-8402-7C92C6BE2195}"
EndProject
Project("{FAE04EC0-301F-11D3-BF4B-00C04F79EFBC}") = "Tyuiu.SyrtsovaSA.Sprint4.Task0.V22", "Tyuiu.SyrtsovaSA.Sprint4.Task0.V22\Tyuiu.SyrtsovaSA.Sprint4.Task0.V22.csproj", "{1AF8A63F-ED01-4066-B5DC-341315F58DCC}"
EndProject
Project("{FAE04EC0-301F-11D3-BF4B-00C04F79EFBC}") = "Tyuiu.SyrtsovaSA.Sprint4.Task0.V22.Lib", "Tyuiu.SyrtsovaSA.Sprint4.Task0.V22.Lib\Tyuiu.SyrtsovaSA.Sprint4.Task0.V22.Lib.csproj", "{8A9AFBD9-95FD-4A5F-BCF1-173BAC9193D8}"
EndProject
Project("{FAE04EC0-301F-11D3-BF4B-00C04F79EFBC}") = "Tyuiu.SyrtsovaSA.Sprint4.Task0.V22.Test", "Tyuiu.SyrtsovaSA.Sprint4.Task0.V22.Test\Tyuiu.SyrtsovaSA.Sprint4.Task0.V22.Test.csproj", "{CC373628-D60A-402B-B033-3BB3A7423514}"
EndProject
Global
	GlobalSection(SolutionProperties) = preSolution
		HideSolutionNode = FALSE
	EndGlobalSection
	GlobalSection(ExtensibilityGlobals) = postSolution
		SolutionGuid = {0D61F5A7-4E42-4184-A3C0-4269021A2A37}
	EndGlobalSection
	GlobalSection(SolutionConfigurationPlatforms) = preSolution
		Debug|Any CPU = Debug|Any CPU
		Debug|x64 = Debug|x64
		Debug|x86 = Debug|x86
		Release|Any CPU = Release|Any CPU
		Release|x64 = Release|x64
		Release|x86 = Release|x86
	EndGlobalSection
	GlobalSection(ProjectConfigurationPlatforms) = postSolution
		{1AF8A63F-ED01-4066-B5DC-341315F58DCC}.Debug|Any CPU.ActiveCfg = Debug|Any CPU
		{1AF8A63F-ED01-4066-B5DC-341315F58DCC}.Debug|Any CPU.Build.0 = Debug|Any CPU
		{1AF8A63F-ED01-4066-B5DC-341315F58DCC}.Debug|x64.ActiveCfg = Debug|Any CPU
		{1AF8A63F-ED01-4066-B5DC-341315F58DCC}.Debug|x64.Build.0 = Debug|Any CPU
		{1AF8A63F-ED01-4066-B5DC-341315F58DCC}.Debug|x86.ActiveCfg = Debug|Any CPU
		{1AF8A63F-ED01-4066-B5DC-341315F58DCC}.Debug|x86.Build.0 = Debug|Any CPU
		{1AF8A63F-ED01-4066-B5DC-341315F58DCC}.Release|Any CPU.ActiveCfg = Release|Any CPU
		{1AF8A63F-ED01-4066-B5DC-341315F58DCC}.Release|Any CPU.Build.0 = Release|Any CPU
		{1AF8A63F-ED01-4066-B5DC-341315F58DCC}.Release|x64.ActiveCfg = Release|Any CPU
		{1AF8A63F-ED01-4066-B5DC-341315F58DCC}.Release|x64.Build.0 = Release|Any CPU
		{1AF8A63F-ED01-4066-B5DC-341315F58DCC}.Release|x86.ActiveCfg = Release|Any CPU
		{1AF8A63F-ED01-4066-B5DC-341315F58DCC}.Release|x86.Build.0 = Release|Any CPU
		{8A9AFBD9-95FD-4A5F-BCF1-173BAC9193D8}.Debug|Any CPU.ActiveCfg = Debug|Any CPU
		{8A9AFBD9-95FD-4A5F-BCF1-173BAC9193D8}.Debug|Any CPU.Build.0 = Debug|Any CPU
		{8A9AFBD9-95FD-4A5F-BCF1-173BAC9193D8}.Debug|x64.ActiveCfg = Debug|Any CPU
		{8A9AFBD9-95FD-4A5F-BCF1-173BAC9193D8}.Debug|x64.Build.0 = Debug|Any CPU
		{8A9AFBD9-95FD-4A5F-BCF1-173BAC9193D8}.Debug|x86.ActiveCfg = Debug|Any CPU
		{8A9AFBD9-95FD-4A5F-BCF1-173BAC9193D8}.Debug|x86.Build.0 = Debug|Any CPU
		{8A9AFBD9-95FD-4A5F-BCF1-173BAC9193D8}.Release|Any CPU.ActiveCfg = Release|Any CPU
		{8A9AFBD9-95FD-4A5F-BCF1-173BAC9193D8}.Release|Any CPU.Build.0 = Release|Any CPU
		{8A9AFBD9-95FD-4A5F-BCF1-173BAC9193D8}.Release|x64.ActiveCfg = Release|Any CPU
		{8A9AFBD9-95FD-4A5F-BCF1-173BAC9193D8}.Release|x64.Build.0 = Release|Any CPU
		{8A9AFBD9-95FD-4A5F-BCF1-173BAC9193D8}.Release|x86.ActiveCfg = Release|Any CPU
		{8A9AFBD9-95FD-4A5F-BCF1-173BAC9193D8}.Release|x86.Build.0 = Release|Any CPU
		{CC373628-D60A-402B-B033-3BB3A7423514}.Debug|Any CPU.ActiveCfg = Debug|Any CPU
		{CC373628-D60A-402B-B033-3BB3A7423514}.Debug|Any CPU.Build.0 = Debug|Any CPU
		{CC373628-D60A-402B-B033-3BB3A7423514}.Debug|x64.ActiveCfg = Debug|Any CPU
		{CC373628-D60A-402B-B033-3BB3A7423514}.Debug|x64.Build.0 = Debug|Any CPU
		{CC373628-D60A-402B-B033-3BB3A7423514}.Debug|x86.ActiveCfg = Debug|Any CPU
		{CC373628-D60A-402B-B033-3BB3A7423514}.Debug|x86.Build.0 = Debug|Any CPU
		{CC373628-D60A-402B-B033-3BB3A7423514}.Release|Any CPU.ActiveCfg = Release|Any CPU
		{CC373628-D60A-402B-B033-3BB3A7423514}.Release|Any CPU.Build.0 = Release|Any CPU
		{CC373628-D60A-402B-B033-3BB3A7423514}.Release|x64.ActiveCfg = Release|Any CPU
		{CC373628-D60A-402B-B033-3BB3A7423514}.Release|x64.Build.0 = Release|Any CPU
		{CC373628-D60A-402B-B033-3BB3A7423514}.Release|x86.ActiveCfg = Release|Any CPU
		{CC373628-D60A-402B-B033-3BB3A7423514}.Release|x86.Build.0 = Release|Any CPU
	EndGlobalSection
	GlobalSection(NestedProjects) = preSolution
		{1AF8A63F-ED01-4066-B5DC-341315F58DCC} = {F086133E-30E8-462B-8402-7C92C6BE2195}
		{8A9AFBD9-95FD-4A5F-BCF1-173BAC9193D8} = {F086133E-30E8-462B-8402-7C92C6BE2195}
		{CC373628-D60A-402B-B033-3BB3A7423514} = {F086133E-30E8-462B-8402-7C92C6BE2195}
	EndGlobalSection
EndGlobal
